Microsoft Visual Studio Solution File, Format Version 12.00
# Visual Studio 2012
Project("{FAE04EC0-301F-11D3-BF4B-00C04F79EFBC}") = "hello_world", "hello_world.csproj", "{72A6AF5D-8F1F-45CC-B4AF-F6A8F36FBABD}"
EndProject
Global
	GlobalSection(SolutionConfigurationPlatforms) = preSolution
	Debug|Any CPU = Debug|Any CPU
	ExportDebug|Any CPU = ExportDebug|Any CPU
	ExportRelease|Any CPU = ExportRelease|Any CPU
	EndGlobalSection
	GlobalSection(ProjectConfigurationPlatforms) = postSolution
		{72A6AF5D-8F1F-45CC-B4AF-F6A8F36FBABD}.Debug|Any CPU.ActiveCfg = Debug|Any CPU
		{72A6AF5D-8F1F-45CC-B4AF-F6A8F36FBABD}.Debug|Any CPU.Build.0 = Debug|Any CPU
		{72A6AF5D-8F1F-45CC-B4AF-F6A8F36FBABD}.ExportDebug|Any CPU.ActiveCfg = ExportDebug|Any CPU
		{72A6AF5D-8F1F-45CC-B4AF-F6A8F36FBABD}.ExportDebug|Any CPU.Build.0 = ExportDebug|Any CPU
		{72A6AF5D-8F1F-45CC-B4AF-F6A8F36FBABD}.ExportRelease|Any CPU.ActiveCfg = ExportRelease|Any CPU
		{72A6AF5D-8F1F-45CC-B4AF-F6A8F36FBABD}.ExportRelease|Any CPU.Build.0 = ExportRelease|Any CPU
	EndGlobalSection
EndGlobal
